
Microsoft Visual Studio Solution File, Format Version 12.00
# Visual Studio Version 16
VisualStudioVersion = 16.0.30621.155
MinimumVisualStudioVersion = 10.0.40219.1
Project("{9A19103F-16F7-4668-BE54-9A1E7A4F7556}") = "TimeZoneCorrectorLibrary", "TimeZoneCorrectorLibrary\TimeZoneCorrectorLibrary.csproj", "{51FC3F9D-C64E-462C-9A97-009A6CE8260A}"
EndProject
Project("{9A19103F-16F7-4668-BE54-9A1E7A4F7556}") = "TimeZoneUnitTest", "TimeZoneUnitTest\TimeZoneUnitTest.csproj", "{195E388A-B11D-408B-84A2-3F418D20FBF1}"
EndProject
Global
	GlobalSection(SolutionConfigurationPlatforms) = preSolution
		Debug|Any CPU = Debug|Any CPU
		Release|Any CPU = Release|Any CPU
	EndGlobalSection
	GlobalSection(ProjectConfigurationPlatforms) = postSolution
		{51FC3F9D-C64E-462C-9A97-009A6CE8260A}.Debug|Any CPU.ActiveCfg = Debug|Any CPU
		{51FC3F9D-C64E-462C-9A97-009A6CE8260A}.Debug|Any CPU.Build.0 = Debug|Any CPU
		{51FC3F9D-C64E-462C-9A97-009A6CE8260A}.Release|Any CPU.ActiveCfg = Release|Any CPU
		{51FC3F9D-C64E-462C-9A97-009A6CE8260A}.Release|Any CPU.Build.0 = Release|Any CPU
		{195E388A-B11D-408B-84A2-3F418D20FBF1}.Debug|Any CPU.ActiveCfg = Debug|Any CPU
		{195E388A-B11D-408B-84A2-3F418D20FBF1}.Debug|Any CPU.Build.0 = Debug|Any CPU
		{195E388A-B11D-408B-84A2-3F418D20FBF1}.Release|Any CPU.ActiveCfg = Release|Any CPU
		{195E388A-B11D-408B-84A2-3F418D20FBF1}.Release|Any CPU.Build.0 = Release|Any CPU
	EndGlobalSection
	GlobalSection(SolutionProperties) = preSolution
		HideSolutionNode = FALSE
	EndGlobalSection
	GlobalSection(ExtensibilityGlobals) = postSolution
		SolutionGuid = {A235F72D-9AB5-4524-8A94-8E02F2B79FC6}
	EndGlobalSection
EndGlobal
